# This file is autogenerated, do not edit; changes may be undone by the next 'dep ensure'.


[[projects]]
  name = "github.com/btcsuite/btcd"
  packages = ["btcec","chaincfg","chaincfg/chainhash","wire"]
  revision = "1bdb71328511a5225d6300c3c08a79172f667996"

[[projects]]
  name = "github.com/btcsuite/btcutil"
  packages = [".","base58"]
  revision = "5ffa719c3882fd2ec1e8b9f4978066701c31a343"

[[projects]]
  branch = "master"
  name = "golang.org/x/crypto"
  packages = ["ripemd160"]
  revision = "81e90905daefcd6fd217b62423c0908922eadb30"

[solve-meta]
  analyzer-name = "dep"
  analyzer-version = 1
  inputs-digest = "1f4af9f9bdb93acd802c0698b65bf5e560f34dea377c03dcd21d1105db0fb26f"
  solver-name = "gps-cdcl"
  solver-version = 1
